
Microsoft Visual Studio Solution File, Format Version 12.00
# Visual Studio Version 17
VisualStudioVersion = 17.14.36327.8 d17.14
MinimumVisualStudioVersion = 10.0.40219.1
Project("{FAE04EC0-301F-11D3-BF4B-00C04F79EFBC}") = "Yuan.ImageProvider", "Yuan.ImageProvider.csproj", "{1A6875D0-5AC3-441A-8FA0-A799DAEB9C31}"
EndProject
Global
	GlobalSection(SolutionConfigurationPlatforms) = preSolution
		Debug|Any CPU = Debug|Any CPU
		Release|Any CPU = Release|Any CPU
	EndGlobalSection
	GlobalSection(ProjectConfigurationPlatforms) = postSolution
		{1A6875D0-5AC3-441A-8FA0-A799DAEB9C31}.Debug|Any CPU.ActiveCfg = Debug|Any CPU
		{1A6875D0-5AC3-441A-8FA0-A799DAEB9C31}.Debug|Any CPU.Build.0 = Debug|Any CPU
		{1A6875D0-5AC3-441A-8FA0-A799DAEB9C31}.Release|Any CPU.ActiveCfg = Release|Any CPU
		{1A6875D0-5AC3-441A-8FA0-A799DAEB9C31}.Release|Any CPU.Build.0 = Release|Any CPU
	EndGlobalSection
	GlobalSection(SolutionProperties) = preSolution
		HideSolutionNode = FALSE
	EndGlobalSection
	GlobalSection(ExtensibilityGlobals) = postSolution
		SolutionGuid = {4DB12AFA-44E6-408A-A9E3-49E4CC2CF175}
	EndGlobalSection
EndGlobal
